
Microsoft Visual Studio Solution File, Format Version 12.00
# Visual Studio Version 17
VisualStudioVersion = 17.1.32210.238
MinimumVisualStudioVersion = 10.0.40219.1
Project("{FAE04EC0-301F-11D3-BF4B-00C04F79EFBC}") = "morningwork", "morningwork\morningwork.csproj", "{B17638EF-EAD4-4D29-8E36-316854B62DC6}"
EndProject
Global
	GlobalSection(SolutionConfigurationPlatforms) = preSolution
		Debug|Any CPU = Debug|Any CPU
		Release|Any CPU = Release|Any CPU
	EndGlobalSection
	GlobalSection(ProjectConfigurationPlatforms) = postSolution
		{B17638EF-EAD4-4D29-8E36-316854B62DC6}.Debug|Any CPU.ActiveCfg = Debug|Any CPU
		{B17638EF-EAD4-4D29-8E36-316854B62DC6}.Debug|Any CPU.Build.0 = Debug|Any CPU
		{B17638EF-EAD4-4D29-8E36-316854B62DC6}.Release|Any CPU.ActiveCfg = Release|Any CPU
		{B17638EF-EAD4-4D29-8E36-316854B62DC6}.Release|Any CPU.Build.0 = Release|Any CPU
	EndGlobalSection
	GlobalSection(SolutionProperties) = preSolution
		HideSolutionNode = FALSE
	EndGlobalSection
	GlobalSection(ExtensibilityGlobals) = postSolution
		SolutionGuid = {4E5F8465-137A-46FF-9368-6451994A094E}
	EndGlobalSection
EndGlobal
